
Microsoft Visual Studio Solution File, Format Version 12.00
# Visual Studio Version 17
VisualStudioVersion = 17.11.35303.130
MinimumVisualStudioVersion = 10.0.40219.1
Project("{FAE04EC0-301F-11D3-BF4B-00C04F79EFBC}") = "Geometry", "Geometry.csproj", "{D05E095A-712A-4D4B-9377-F9031D031D97}"
EndProject
Global
	GlobalSection(SolutionConfigurationPlatforms) = preSolution
		Debug|Any CPU = Debug|Any CPU
		Release|Any CPU = Release|Any CPU
	EndGlobalSection
	GlobalSection(ProjectConfigurationPlatforms) = postSolution
		{D05E095A-712A-4D4B-9377-F9031D031D97}.Debug|Any CPU.ActiveCfg = Debug|Any CPU
		{D05E095A-712A-4D4B-9377-F9031D031D97}.Debug|Any CPU.Build.0 = Debug|Any CPU
		{D05E095A-712A-4D4B-9377-F9031D031D97}.Release|Any CPU.ActiveCfg = Release|Any CPU
		{D05E095A-712A-4D4B-9377-F9031D031D97}.Release|Any CPU.Build.0 = Release|Any CPU
	EndGlobalSection
	GlobalSection(SolutionProperties) = preSolution
		HideSolutionNode = FALSE
	EndGlobalSection
	GlobalSection(ExtensibilityGlobals) = postSolution
		SolutionGuid = {FE4813FC-B05E-40BC-89B3-F4B35904E674}
	EndGlobalSection
EndGlobal
