
Microsoft Visual Studio Solution File, Format Version 12.00
# Visual Studio Version 17
VisualStudioVersion = 17.11.35312.102
MinimumVisualStudioVersion = 10.0.40219.1
Project("{9A19103F-16F7-4668-BE54-9A1E7A4F7556}") = "DistanceTask", "DistanceTask.csproj", "{F224D333-7285-4444-9905-BAEC7F2470B9}"
EndProject
Global
	GlobalSection(SolutionConfigurationPlatforms) = preSolution
		Debug|Any CPU = Debug|Any CPU
		Release|Any CPU = Release|Any CPU
	EndGlobalSection
	GlobalSection(ProjectConfigurationPlatforms) = postSolution
		{F224D333-7285-4444-9905-BAEC7F2470B9}.Debug|Any CPU.ActiveCfg = Debug|Any CPU
		{F224D333-7285-4444-9905-BAEC7F2470B9}.Debug|Any CPU.Build.0 = Debug|Any CPU
		{F224D333-7285-4444-9905-BAEC7F2470B9}.Release|Any CPU.ActiveCfg = Release|Any CPU
		{F224D333-7285-4444-9905-BAEC7F2470B9}.Release|Any CPU.Build.0 = Release|Any CPU
	EndGlobalSection
	GlobalSection(SolutionProperties) = preSolution
		HideSolutionNode = FALSE
	EndGlobalSection
	GlobalSection(ExtensibilityGlobals) = postSolution
		SolutionGuid = {89C8F8FE-F52E-4AA8-A468-DC3BFEF8FA07}
	EndGlobalSection
EndGlobal
