
Microsoft Visual Studio Solution File, Format Version 12.00
# Visual Studio Version 17
VisualStudioVersion = 17.5.002.0
MinimumVisualStudioVersion = 10.0.40219.1
Project("{9A19103F-16F7-4668-BE54-9A1E7A4F7556}") = "Digger", "Digger.csproj", "{9FB850C3-2FC0-429B-8789-AD0BEAF4EE59}"
EndProject
Global
	GlobalSection(SolutionConfigurationPlatforms) = preSolution
		Debug|Any CPU = Debug|Any CPU
		Release|Any CPU = Release|Any CPU
	EndGlobalSection
	GlobalSection(ProjectConfigurationPlatforms) = postSolution
		{9FB850C3-2FC0-429B-8789-AD0BEAF4EE59}.Debug|Any CPU.ActiveCfg = Debug|Any CPU
		{9FB850C3-2FC0-429B-8789-AD0BEAF4EE59}.Debug|Any CPU.Build.0 = Debug|Any CPU
		{9FB850C3-2FC0-429B-8789-AD0BEAF4EE59}.Release|Any CPU.ActiveCfg = Release|Any CPU
		{9FB850C3-2FC0-429B-8789-AD0BEAF4EE59}.Release|Any CPU.Build.0 = Release|Any CPU
	EndGlobalSection
	GlobalSection(SolutionProperties) = preSolution
		HideSolutionNode = FALSE
	EndGlobalSection
	GlobalSection(ExtensibilityGlobals) = postSolution
		SolutionGuid = {FB42C0E8-698C-4F0F-802F-FFCEA015C4A9}
	EndGlobalSection
EndGlobal
