
Microsoft Visual Studio Solution File, Format Version 12.00
# Visual Studio Version 17
VisualStudioVersion = 17.7.34202.233
MinimumVisualStudioVersion = 10.0.40219.1
Project("{FAE04EC0-301F-11D3-BF4B-00C04F79EFBC}") = "GeometryTasks", "GeometryTasks.csproj", "{AD7CBC0D-759C-404C-B3C3-DD4A9E1495CF}"
EndProject
Global
	GlobalSection(SolutionConfigurationPlatforms) = preSolution
		Debug|Any CPU = Debug|Any CPU
		Release|Any CPU = Release|Any CPU
	EndGlobalSection
	GlobalSection(ProjectConfigurationPlatforms) = postSolution
		{AD7CBC0D-759C-404C-B3C3-DD4A9E1495CF}.Debug|Any CPU.ActiveCfg = Debug|Any CPU
		{AD7CBC0D-759C-404C-B3C3-DD4A9E1495CF}.Debug|Any CPU.Build.0 = Debug|Any CPU
		{AD7CBC0D-759C-404C-B3C3-DD4A9E1495CF}.Release|Any CPU.ActiveCfg = Release|Any CPU
		{AD7CBC0D-759C-404C-B3C3-DD4A9E1495CF}.Release|Any CPU.Build.0 = Release|Any CPU
	EndGlobalSection
	GlobalSection(SolutionProperties) = preSolution
		HideSolutionNode = FALSE
	EndGlobalSection
	GlobalSection(ExtensibilityGlobals) = postSolution
		SolutionGuid = {EECF2D34-C8A2-451F-87C6-36C3507265F7}
	EndGlobalSection
EndGlobal
