Microsoft Visual Studio Solution File, Format Version 12.00
# Visual Studio Version 17
VisualStudioVersion = 17.11.35327.3
MinimumVisualStudioVersion = 10.0.40219.1
Project("{FAE04EC0-301F-11D3-BF4B-00C04F79EFBC}") = "ReadOnlyVector", "ReadOnlyVector\ReadOnlyVector.csproj", "{1D5D61F1-CA8F-47B0-BF40-E9AF4FEA15B2}"
EndProject
Global
	GlobalSection(SolutionConfigurationPlatforms) = preSolution
		Debug|Any CPU = Debug|Any CPU
		Release|Any CPU = Release|Any CPU
	EndGlobalSection
	GlobalSection(ProjectConfigurationPlatforms) = postSolution
		{1D5D61F1-CA8F-47B0-BF40-E9AF4FEA15B2}.Debug|Any CPU.ActiveCfg = Debug|Any CPU
		{1D5D61F1-CA8F-47B0-BF40-E9AF4FEA15B2}.Debug|Any CPU.Build.0 = Debug|Any CPU
		{1D5D61F1-CA8F-47B0-BF40-E9AF4FEA15B2}.Release|Any CPU.ActiveCfg = Release|Any CPU
		{1D5D61F1-CA8F-47B0-BF40-E9AF4FEA15B2}.Release|Any CPU.Build.0 = Release|Any CPU
	EndGlobalSection
	GlobalSection(SolutionProperties) = preSolution
		HideSolutionNode = FALSE
	EndGlobalSection
	GlobalSection(ExtensibilityGlobals) = postSolution
		SolutionGuid = {D8232F4E-935D-41DA-86BC-6DD724FF3C26}
	EndGlobalSection
EndGlobal