
Microsoft Visual Studio Solution File, Format Version 12.00
# Visual Studio Version 17
VisualStudioVersion = 17.7.34202.233
MinimumVisualStudioVersion = 10.0.40219.1
Project("{FAE04EC0-301F-11D3-BF4B-00C04F79EFBC}") = "Percentages", "Percentages.csproj", "{07304D85-5896-4209-AF3F-788DC4FB9231}"
EndProject
Global
	GlobalSection(SolutionConfigurationPlatforms) = preSolution
		Debug|Any CPU = Debug|Any CPU
		Release|Any CPU = Release|Any CPU
	EndGlobalSection
	GlobalSection(ProjectConfigurationPlatforms) = postSolution
		{07304D85-5896-4209-AF3F-788DC4FB9231}.Debug|Any CPU.ActiveCfg = Debug|Any CPU
		{07304D85-5896-4209-AF3F-788DC4FB9231}.Debug|Any CPU.Build.0 = Debug|Any CPU
		{07304D85-5896-4209-AF3F-788DC4FB9231}.Release|Any CPU.ActiveCfg = Release|Any CPU
		{07304D85-5896-4209-AF3F-788DC4FB9231}.Release|Any CPU.Build.0 = Release|Any CPU
	EndGlobalSection
	GlobalSection(SolutionProperties) = preSolution
		HideSolutionNode = FALSE
	EndGlobalSection
	GlobalSection(ExtensibilityGlobals) = postSolution
		SolutionGuid = {2B3C07BC-6598-4FBE-A45D-E14DBB6C0EFF}
	EndGlobalSection
EndGlobal
