
Microsoft Visual Studio Solution File, Format Version 12.00
# Visual Studio Version 17
VisualStudioVersion = 17.11.35303.130
MinimumVisualStudioVersion = 10.0.40219.1
Project("{FAE04EC0-301F-11D3-BF4B-00C04F79EFBC}") = "Percentages", "Percentages.csproj", "{CCEACE57-A1F8-45F0-9A7F-9710EA945358}"
EndProject
Global
	GlobalSection(SolutionConfigurationPlatforms) = preSolution
		Debug|Any CPU = Debug|Any CPU
		Release|Any CPU = Release|Any CPU
	EndGlobalSection
	GlobalSection(ProjectConfigurationPlatforms) = postSolution
		{CCEACE57-A1F8-45F0-9A7F-9710EA945358}.Debug|Any CPU.ActiveCfg = Debug|Any CPU
		{CCEACE57-A1F8-45F0-9A7F-9710EA945358}.Debug|Any CPU.Build.0 = Debug|Any CPU
		{CCEACE57-A1F8-45F0-9A7F-9710EA945358}.Release|Any CPU.ActiveCfg = Release|Any CPU
		{CCEACE57-A1F8-45F0-9A7F-9710EA945358}.Release|Any CPU.Build.0 = Release|Any CPU
	EndGlobalSection
	GlobalSection(SolutionProperties) = preSolution
		HideSolutionNode = FALSE
	EndGlobalSection
	GlobalSection(ExtensibilityGlobals) = postSolution
		SolutionGuid = {F561BECA-CE5F-4BBC-A7C2-3D61BDB47066}
	EndGlobalSection
EndGlobal
