
Microsoft Visual Studio Solution File, Format Version 12.00
# Visual Studio Version 16
VisualStudioVersion = 16.0.31129.286
MinimumVisualStudioVersion = 10.0.40219.1
Project("{9A19103F-16F7-4668-BE54-9A1E7A4F7556}") = "autocomplete", "autocomplete.csproj", "{D1A9E945-D0FF-43BE-8BB6-80AA16106163}"
EndProject
Global
	GlobalSection(SolutionConfigurationPlatforms) = preSolution
		Debug|Any CPU = Debug|Any CPU
		Release|Any CPU = Release|Any CPU
	EndGlobalSection
	GlobalSection(ProjectConfigurationPlatforms) = postSolution
		{D1A9E945-D0FF-43BE-8BB6-80AA16106163}.Debug|Any CPU.ActiveCfg = Debug|Any CPU
		{D1A9E945-D0FF-43BE-8BB6-80AA16106163}.Debug|Any CPU.Build.0 = Debug|Any CPU
		{D1A9E945-D0FF-43BE-8BB6-80AA16106163}.Release|Any CPU.ActiveCfg = Release|Any CPU
		{D1A9E945-D0FF-43BE-8BB6-80AA16106163}.Release|Any CPU.Build.0 = Release|Any CPU
	EndGlobalSection
	GlobalSection(SolutionProperties) = preSolution
		HideSolutionNode = FALSE
	EndGlobalSection
	GlobalSection(ExtensibilityGlobals) = postSolution
		SolutionGuid = {5133BAEC-49CC-48E5-9FCB-FAFF0FDE8963}
	EndGlobalSection
EndGlobal
