
Microsoft Visual Studio Solution File, Format Version 12.00
# Visual Studio Version 17
VisualStudioVersion = 17.7.34202.233
MinimumVisualStudioVersion = 10.0.40219.1
Project("{FAE04EC0-301F-11D3-BF4B-00C04F79EFBC}") = "A", "A\A.csproj", "{97B3728A-3C8F-46CB-9AD3-106C3A4711E9}"
EndProject
Project("{FAE04EC0-301F-11D3-BF4B-00C04F79EFBC}") = "B", "B\B.csproj", "{CEB40ABB-3F89-4621-8BA1-D6175F6C513F}"
EndProject
Project("{FAE04EC0-301F-11D3-BF4B-00C04F79EFBC}") = "C", "C\C.csproj", "{61543090-F2BF-4DBB-884C-7F9E19B3F8D1}"
EndProject
Project("{FAE04EC0-301F-11D3-BF4B-00C04F79EFBC}") = "D", "D\D.csproj", "{C2EF08C8-8667-41CB-A7CC-3A0AA1924AED}"
EndProject
Project("{FAE04EC0-301F-11D3-BF4B-00C04F79EFBC}") = "E", "E\E.csproj", "{634E6CE7-56F7-48DC-BAA3-7FF7E3F848CC}"
EndProject
Project("{FAE04EC0-301F-11D3-BF4B-00C04F79EFBC}") = "F", "F\F.csproj", "{8F0509CA-C389-48C4-A528-E2D17620C568}"
EndProject
Project("{FAE04EC0-301F-11D3-BF4B-00C04F79EFBC}") = "G", "G\G.csproj", "{388C26BA-D7D5-4490-A084-4903FEBFA65C}"
EndProject
Project("{FAE04EC0-301F-11D3-BF4B-00C04F79EFBC}") = "H", "H\H.csproj", "{FA57EB8D-C779-48F2-86E2-0DED5BDC63A2}"
EndProject
Global
	GlobalSection(SolutionConfigurationPlatforms) = preSolution
		Debug|Any CPU = Debug|Any CPU
		Release|Any CPU = Release|Any CPU
	EndGlobalSection
	GlobalSection(ProjectConfigurationPlatforms) = postSolution
		{97B3728A-3C8F-46CB-9AD3-106C3A4711E9}.Debug|Any CPU.ActiveCfg = Debug|Any CPU
		{97B3728A-3C8F-46CB-9AD3-106C3A4711E9}.Debug|Any CPU.Build.0 = Debug|Any CPU
		{97B3728A-3C8F-46CB-9AD3-106C3A4711E9}.Release|Any CPU.ActiveCfg = Release|Any CPU
		{97B3728A-3C8F-46CB-9AD3-106C3A4711E9}.Release|Any CPU.Build.0 = Release|Any CPU
		{CEB40ABB-3F89-4621-8BA1-D6175F6C513F}.Debug|Any CPU.ActiveCfg = Debug|Any CPU
		{CEB40ABB-3F89-4621-8BA1-D6175F6C513F}.Debug|Any CPU.Build.0 = Debug|Any CPU
		{CEB40ABB-3F89-4621-8BA1-D6175F6C513F}.Release|Any CPU.ActiveCfg = Release|Any CPU
		{CEB40ABB-3F89-4621-8BA1-D6175F6C513F}.Release|Any CPU.Build.0 = Release|Any CPU
		{61543090-F2BF-4DBB-884C-7F9E19B3F8D1}.Debug|Any CPU.ActiveCfg = Debug|Any CPU
		{61543090-F2BF-4DBB-884C-7F9E19B3F8D1}.Debug|Any CPU.Build.0 = Debug|Any CPU
		{61543090-F2BF-4DBB-884C-7F9E19B3F8D1}.Release|Any CPU.ActiveCfg = Release|Any CPU
		{61543090-F2BF-4DBB-884C-7F9E19B3F8D1}.Release|Any CPU.Build.0 = Release|Any CPU
		{C2EF08C8-8667-41CB-A7CC-3A0AA1924AED}.Debug|Any CPU.ActiveCfg = Debug|Any CPU
		{C2EF08C8-8667-41CB-A7CC-3A0AA1924AED}.Debug|Any CPU.Build.0 = Debug|Any CPU
		{C2EF08C8-8667-41CB-A7CC-3A0AA1924AED}.Release|Any CPU.ActiveCfg = Release|Any CPU
		{C2EF08C8-8667-41CB-A7CC-3A0AA1924AED}.Release|Any CPU.Build.0 = Release|Any CPU
		{634E6CE7-56F7-48DC-BAA3-7FF7E3F848CC}.Debug|Any CPU.ActiveCfg = Debug|Any CPU
		{634E6CE7-56F7-48DC-BAA3-7FF7E3F848CC}.Debug|Any CPU.Build.0 = Debug|Any CPU
		{634E6CE7-56F7-48DC-BAA3-7FF7E3F848CC}.Release|Any CPU.ActiveCfg = Release|Any CPU
		{634E6CE7-56F7-48DC-BAA3-7FF7E3F848CC}.Release|Any CPU.Build.0 = Release|Any CPU
		{8F0509CA-C389-48C4-A528-E2D17620C568}.Debug|Any CPU.ActiveCfg = Debug|Any CPU
		{8F0509CA-C389-48C4-A528-E2D17620C568}.Debug|Any CPU.Build.0 = Debug|Any CPU
		{8F0509CA-C389-48C4-A528-E2D17620C568}.Release|Any CPU.ActiveCfg = Release|Any CPU
		{8F0509CA-C389-48C4-A528-E2D17620C568}.Release|Any CPU.Build.0 = Release|Any CPU
		{388C26BA-D7D5-4490-A084-4903FEBFA65C}.Debug|Any CPU.ActiveCfg = Debug|Any CPU
		{388C26BA-D7D5-4490-A084-4903FEBFA65C}.Debug|Any CPU.Build.0 = Debug|Any CPU
		{388C26BA-D7D5-4490-A084-4903FEBFA65C}.Release|Any CPU.ActiveCfg = Release|Any CPU
		{388C26BA-D7D5-4490-A084-4903FEBFA65C}.Release|Any CPU.Build.0 = Release|Any CPU
		{FA57EB8D-C779-48F2-86E2-0DED5BDC63A2}.Debug|Any CPU.ActiveCfg = Debug|Any CPU
		{FA57EB8D-C779-48F2-86E2-0DED5BDC63A2}.Debug|Any CPU.Build.0 = Debug|Any CPU
		{FA57EB8D-C779-48F2-86E2-0DED5BDC63A2}.Release|Any CPU.ActiveCfg = Release|Any CPU
		{FA57EB8D-C779-48F2-86E2-0DED5BDC63A2}.Release|Any CPU.Build.0 = Release|Any CPU
	EndGlobalSection
	GlobalSection(SolutionProperties) = preSolution
		HideSolutionNode = FALSE
	EndGlobalSection
	GlobalSection(ExtensibilityGlobals) = postSolution
		SolutionGuid = {D9ADD1B2-6102-441F-B1F9-C3E27A050446}
	EndGlobalSection
EndGlobal
