
Microsoft Visual Studio Solution File, Format Version 12.00
# Visual Studio Version 17
VisualStudioVersion = 17.5.002.0
MinimumVisualStudioVersion = 10.0.40219.1
Project("{2150E333-8FDC-42A3-9474-1A3956D46DE8}") = "Практические задания", "Практические задания", "{4E4EBA2E-6743-45DD-95F4-5CB200379B47}"
EndProject
Project("{9A19103F-16F7-4668-BE54-9A1E7A4F7556}") = "Passwords", "Практические задания\Passwords\Passwords.csproj", "{3D39215C-5856-4CB1-9F50-0DB7F555DEB3}"
EndProject
Project("{9A19103F-16F7-4668-BE54-9A1E7A4F7556}") = "route-planning", "Практические задания\RoutePlanning\route-planning.csproj", "{7D494048-1D55-4993-9A0F-6EBD6ED1A84E}"
EndProject
Global
	GlobalSection(SolutionConfigurationPlatforms) = preSolution
		Debug|Any CPU = Debug|Any CPU
		Release|Any CPU = Release|Any CPU
	EndGlobalSection
	GlobalSection(ProjectConfigurationPlatforms) = postSolution
		{3D39215C-5856-4CB1-9F50-0DB7F555DEB3}.Debug|Any CPU.ActiveCfg = Debug|Any CPU
		{3D39215C-5856-4CB1-9F50-0DB7F555DEB3}.Debug|Any CPU.Build.0 = Debug|Any CPU
		{3D39215C-5856-4CB1-9F50-0DB7F555DEB3}.Release|Any CPU.ActiveCfg = Release|Any CPU
		{3D39215C-5856-4CB1-9F50-0DB7F555DEB3}.Release|Any CPU.Build.0 = Release|Any CPU
		{7D494048-1D55-4993-9A0F-6EBD6ED1A84E}.Debug|Any CPU.ActiveCfg = Debug|Any CPU
		{7D494048-1D55-4993-9A0F-6EBD6ED1A84E}.Debug|Any CPU.Build.0 = Debug|Any CPU
		{7D494048-1D55-4993-9A0F-6EBD6ED1A84E}.Release|Any CPU.ActiveCfg = Release|Any CPU
		{7D494048-1D55-4993-9A0F-6EBD6ED1A84E}.Release|Any CPU.Build.0 = Release|Any CPU
	EndGlobalSection
	GlobalSection(SolutionProperties) = preSolution
		HideSolutionNode = FALSE
	EndGlobalSection
	GlobalSection(NestedProjects) = preSolution
		{3D39215C-5856-4CB1-9F50-0DB7F555DEB3} = {4E4EBA2E-6743-45DD-95F4-5CB200379B47}
		{7D494048-1D55-4993-9A0F-6EBD6ED1A84E} = {4E4EBA2E-6743-45DD-95F4-5CB200379B47}
	EndGlobalSection
	GlobalSection(ExtensibilityGlobals) = postSolution
		SolutionGuid = {121C0CBD-F9D8-4E69-B587-323160D97294}
	EndGlobalSection
EndGlobal
