
Microsoft Visual Studio Solution File, Format Version 12.00
# Visual Studio Version 17
VisualStudioVersion = 17.11.35312.102
MinimumVisualStudioVersion = 10.0.40219.1
Project("{9A19103F-16F7-4668-BE54-9A1E7A4F7556}") = "TableParser", "TableParser.csproj", "{BCD5709A-0B0B-4FA7-9BBE-9A52394A581E}"
EndProject
Global
	GlobalSection(SolutionConfigurationPlatforms) = preSolution
		Debug|Any CPU = Debug|Any CPU
		Release|Any CPU = Release|Any CPU
	EndGlobalSection
	GlobalSection(ProjectConfigurationPlatforms) = postSolution
		{BCD5709A-0B0B-4FA7-9BBE-9A52394A581E}.Debug|Any CPU.ActiveCfg = Debug|Any CPU
		{BCD5709A-0B0B-4FA7-9BBE-9A52394A581E}.Debug|Any CPU.Build.0 = Debug|Any CPU
		{BCD5709A-0B0B-4FA7-9BBE-9A52394A581E}.Release|Any CPU.ActiveCfg = Release|Any CPU
		{BCD5709A-0B0B-4FA7-9BBE-9A52394A581E}.Release|Any CPU.Build.0 = Release|Any CPU
	EndGlobalSection
	GlobalSection(SolutionProperties) = preSolution
		HideSolutionNode = FALSE
	EndGlobalSection
	GlobalSection(ExtensibilityGlobals) = postSolution
		SolutionGuid = {69C3EF9F-E29E-477B-BA21-304515102BA4}
	EndGlobalSection
EndGlobal
